<Solution>
  <Project Path="TurfBooking.API/TurfBooking.API.csproj" />
  <Project Path="TurfBooking.Application/Application.csproj" />
  <Project Path="TurfBooking.Domain/Domain.csproj" />
  <Project Path="TurfBooking.Infrastructure/Infrastructure.csproj" />
  <Project Path="TurfBooking.Persistence/Persistence.csproj" />
</Solution>
